PODS:
  - DZNEmptyDataSet (1.8.1)
  - FBSnapshotTestCase (2.1.4):
    - FBSnapshotTestCase/SwiftSupport (= 2.1.4)
  - FBSnapshotTestCase/Core (2.1.4)
  - FBSnapshotTestCase/SwiftSupport (2.1.4):
    - FBSnapshotTestCase/Core
  - HHTool (0.2.2):
    - DZNEmptyDataSet (~> 1.8.1)
    - HXPhotoPicker (~> 3.1.9)
    - HXPhotoPicker/SDWebImage (~> 3.1.9)
    - MBProgressHUD (~> 1.2.0)
    - SPAlertController (~> 4.0.0)
    - Toast (~> 4.0.0)
    - YBPopupMenu (~> 1.1.9)
  - HXPhotoPicker (3.1.9):
    - HXPhotoPicker/Default (= 3.1.9)
  - HXPhotoPicker/Default (3.1.9)
  - HXPhotoPicker/SDWebImage (3.1.9):
    - SDWebImage (~> 5.0)
  - MBProgressHUD (1.2.0)
  - SDWebImage (5.11.1):
    - SDWebImage/Core (= 5.11.1)
  - SDWebImage/Core (5.11.1)
  - SPAlertController (4.0.0)
  - Toast (4.0.0)
  - YBPopupMenu (1.1.9)

DEPENDENCIES:
  - FBSnapshotTestCase
  - HHTool (from `../`)

SPEC REPOS:
  trunk:
    - DZNEmptyDataSet
    - FBSnapshotTestCase
    - HXPhotoPicker
    - MBProgressHUD
    - SDWebImage
    - SPAlertController
    - Toast
    - YBPopupMenu

EXTERNAL SOURCES:
  HHTool:
    :path: "../"

SPEC CHECKSUMS:
  DZNEmptyDataSet: 9525833b9e68ac21c30253e1d3d7076cc828eaa7
  FBSnapshotTestCase: 094f9f314decbabe373b87cc339bea235a63e07a
  HHTool: 5da6b497f1efb0c1aea9b462b831ba6491136d05
  HXPhotoPicker: e1816ff27f17c3926f6e83aebbb9f4b329324f0b
  MBProgressHUD: 3ee5efcc380f6a79a7cc9b363dd669c5e1ae7406
  SDWebImage: a7f831e1a65eb5e285e3fb046a23fcfbf08e696d
  SPAlertController: b245d7a5e17d612da051f2612aca3703f21d108f
  Toast: 91b396c56ee72a5790816f40d3a94dd357abc196
  YBPopupMenu: 3a02e89860bb0568ba477aee609bc3f25e5bd339

PODFILE CHECKSUM: 23e6c122c8af097d53d29547b379b6df41c8b4ef

COCOAPODS: 1.10.1
